
Microsoft Visual Studio Solution File, Format Version 12.00
# Visual Studio Version 16
VisualStudioVersion = 16.0.31129.286
MinimumVisualStudioVersion = 10.0.40219.1
Project("{9A19103F-16F7-4668-BE54-9A1E7A4F7556}") = "EFCore_UseCase", "EFCore_UseCase\EFCore_UseCase.csproj", "{22A28C95-2CC8-49B9-9818-F37EA26AD110}"
EndProject
Project("{9A19103F-16F7-4668-BE54-9A1E7A4F7556}") = "EFCore.Domain", "EFCore.Domain\EFCore.Domain.csproj", "{95C503A3-6D5A-401A-9F99-D0E727D5C890}"
EndProject
Project("{9A19103F-16F7-4668-BE54-9A1E7A4F7556}") = "EFCore.Application", "EFCore.Application\EFCore.Application.csproj", "{DC90E001-40AD-4CA4-8C25-F98CA19EA9DB}"
EndProject
Project("{9A19103F-16F7-4668-BE54-9A1E7A4F7556}") = "EFCore.Application.Contracts", "EFCore.Application.Contracts\EFCore.Application.Contracts.csproj", "{C4BF6129-30BD-4A22-B1A2-DAD32FDA13CE}"
EndProject
Project("{FAE04EC0-301F-11D3-BF4B-00C04F79EFBC}") = "EFCore.Infra.EFCore", "EFCore.Infra.EFCore\EFCore.Infra.EFCore.csproj", "{1BCCD2BF-6947-4D6B-AC20-E54CBEAC9B6A}"
EndProject
Global
	GlobalSection(SolutionConfigurationPlatforms) = preSolution
		Debug|Any CPU = Debug|Any CPU
		Release|Any CPU = Release|Any CPU
	EndGlobalSection
	GlobalSection(ProjectConfigurationPlatforms) = postSolution
		{22A28C95-2CC8-49B9-9818-F37EA26AD110}.Debug|Any CPU.ActiveCfg = Debug|Any CPU
		{22A28C95-2CC8-49B9-9818-F37EA26AD110}.Debug|Any CPU.Build.0 = Debug|Any CPU
		{22A28C95-2CC8-49B9-9818-F37EA26AD110}.Release|Any CPU.ActiveCfg = Release|Any CPU
		{22A28C95-2CC8-49B9-9818-F37EA26AD110}.Release|Any CPU.Build.0 = Release|Any CPU
		{95C503A3-6D5A-401A-9F99-D0E727D5C890}.Debug|Any CPU.ActiveCfg = Debug|Any CPU
		{95C503A3-6D5A-401A-9F99-D0E727D5C890}.Debug|Any CPU.Build.0 = Debug|Any CPU
		{95C503A3-6D5A-401A-9F99-D0E727D5C890}.Release|Any CPU.ActiveCfg = Release|Any CPU
		{95C503A3-6D5A-401A-9F99-D0E727D5C890}.Release|Any CPU.Build.0 = Release|Any CPU
		{DC90E001-40AD-4CA4-8C25-F98CA19EA9DB}.Debug|Any CPU.ActiveCfg = Debug|Any CPU
		{DC90E001-40AD-4CA4-8C25-F98CA19EA9DB}.Debug|Any CPU.Build.0 = Debug|Any CPU
		{DC90E001-40AD-4CA4-8C25-F98CA19EA9DB}.Release|Any CPU.ActiveCfg = Release|Any CPU
		{DC90E001-40AD-4CA4-8C25-F98CA19EA9DB}.Release|Any CPU.Build.0 = Release|Any CPU
		{C4BF6129-30BD-4A22-B1A2-DAD32FDA13CE}.Debug|Any CPU.ActiveCfg = Debug|Any CPU
		{C4BF6129-30BD-4A22-B1A2-DAD32FDA13CE}.Debug|Any CPU.Build.0 = Debug|Any CPU
		{C4BF6129-30BD-4A22-B1A2-DAD32FDA13CE}.Release|Any CPU.ActiveCfg = Release|Any CPU
		{C4BF6129-30BD-4A22-B1A2-DAD32FDA13CE}.Release|Any CPU.Build.0 = Release|Any CPU
		{1BCCD2BF-6947-4D6B-AC20-E54CBEAC9B6A}.Debug|Any CPU.ActiveCfg = Debug|Any CPU
		{1BCCD2BF-6947-4D6B-AC20-E54CBEAC9B6A}.Debug|Any CPU.Build.0 = Debug|Any CPU
		{1BCCD2BF-6947-4D6B-AC20-E54CBEAC9B6A}.Release|Any CPU.ActiveCfg = Release|Any CPU
		{1BCCD2BF-6947-4D6B-AC20-E54CBEAC9B6A}.Release|Any CPU.Build.0 = Release|Any CPU
	EndGlobalSection
	GlobalSection(SolutionProperties) = preSolution
		HideSolutionNode = FALSE
	EndGlobalSection
	GlobalSection(ExtensibilityGlobals) = postSolution
		SolutionGuid = {4DAF0DC9-613B-4D24-921D-33675D63F749}
	EndGlobalSection
EndGlobal
